
Microsoft Visual Studio Solution File, Format Version 12.00
# Visual Studio Version 17
VisualStudioVersion = 17.9.34723.18
MinimumVisualStudioVersion = 10.0.40219.1
Project("{8BC9CEB8-8B4A-11D0-8D11-00A0C91BC942}") = "0527", "0527\0527.vcxproj", "{E2D98A0E-32BC-44BD-83B8-302FCC9BAAFE}"
EndProject
Project("{8BC9CEB8-8B4A-11D0-8D11-00A0C91BC942}") = "0527_라이브", "0527_라이브\0527_라이브.vcxproj", "{A920653E-B10C-48A4-90B4-33CC21618432}"
EndProject
Global
	GlobalSection(SolutionConfigurationPlatforms) = preSolution
		Debug|x64 = Debug|x64
		Debug|x86 = Debug|x86
		Release|x64 = Release|x64
		Release|x86 = Release|x86
	EndGlobalSection
	GlobalSection(ProjectConfigurationPlatforms) = postSolution
		{E2D98A0E-32BC-44BD-83B8-302FCC9BAAFE}.Debug|x64.ActiveCfg = Debug|x64
		{E2D98A0E-32BC-44BD-83B8-302FCC9BAAFE}.Debug|x64.Build.0 = Debug|x64
		{E2D98A0E-32BC-44BD-83B8-302FCC9BAAFE}.Debug|x86.ActiveCfg = Debug|Win32
		{E2D98A0E-32BC-44BD-83B8-302FCC9BAAFE}.Debug|x86.Build.0 = Debug|Win32
		{E2D98A0E-32BC-44BD-83B8-302FCC9BAAFE}.Release|x64.ActiveCfg = Release|x64
		{E2D98A0E-32BC-44BD-83B8-302FCC9BAAFE}.Release|x64.Build.0 = Release|x64
		{E2D98A0E-32BC-44BD-83B8-302FCC9BAAFE}.Release|x86.ActiveCfg = Release|Win32
		{E2D98A0E-32BC-44BD-83B8-302FCC9BAAFE}.Release|x86.Build.0 = Release|Win32
		{A920653E-B10C-48A4-90B4-33CC21618432}.Debug|x64.ActiveCfg = Debug|x64
		{A920653E-B10C-48A4-90B4-33CC21618432}.Debug|x64.Build.0 = Debug|x64
		{A920653E-B10C-48A4-90B4-33CC21618432}.Debug|x86.ActiveCfg = Debug|Win32
		{A920653E-B10C-48A4-90B4-33CC21618432}.Debug|x86.Build.0 = Debug|Win32
		{A920653E-B10C-48A4-90B4-33CC21618432}.Release|x64.ActiveCfg = Release|x64
		{A920653E-B10C-48A4-90B4-33CC21618432}.Release|x64.Build.0 = Release|x64
		{A920653E-B10C-48A4-90B4-33CC21618432}.Release|x86.ActiveCfg = Release|Win32
		{A920653E-B10C-48A4-90B4-33CC21618432}.Release|x86.Build.0 = Release|Win32
	EndGlobalSection
	GlobalSection(SolutionProperties) = preSolution
		HideSolutionNode = FALSE
	EndGlobalSection
	GlobalSection(ExtensibilityGlobals) = postSolution
		SolutionGuid = {09FCC305-8159-4A17-A1D7-D399F3F9601F}
	EndGlobalSection
EndGlobal
